PODS:
  - SnapKit (5.0.1)
  - SZAVPlayer (1.0.0)

DEPENDENCIES:
  - SnapKit
  - SZAVPlayer (from `../`)

SPEC REPOS:
  trunk:
    - SnapKit

EXTERNAL SOURCES:
  SZAVPlayer:
    :path: "../"

SPEC CHECKSUMS:
  SnapKit: 97b92857e3df3a0c71833cce143274bf6ef8e5eb
  SZAVPlayer: 819245a8608b87b79fa994e62a6a8a0d3b613771

PODFILE CHECKSUM: 474ca31b1fd0446e12cf70da2d54e0b4622e3259

COCOAPODS: 1.8.3
